{
  "nodes": {
    "awww": {
      "inputs": {
        "flake-compat": "flake-compat",
        "nixpkgs": "nixpkgs",
        "rust-overlay": "rust-overlay"
      },
      "locked": {
        "lastModified": 1784030954,
        "narHash": "sha256-MPMVSBhSEl+ShSrWVN5qH3FiX2gg8LbYA8L3nuQw5VE=",
        "ref": "refs/heads/main",
        "rev": "25ea4fd7a42359379da9ddadedda1c477caa4ae0",
        "revCount": 1376,
        "type": "git",
        "url": "https://codeberg.org/LGFae/awww"
      },
      "original": {
        "type": "git",
        "url": "https://codeberg.org/LGFae/awww"
      }
    },
    "flake-compat": {
      "flake": false,
      "locked": {
        "lastModified": 1761588595,
        "narHash": "sha256-XKUZz9zewJNUj46b4AJdiRZJAvSZ0Dqj2BNfXvFlJC4=",
        "owner": "edolstra",
        "repo": "flake-compat",
        "rev": "f387cd2afec9419c8ee37694406ca490c3f34ee5",
        "type": "github"
      },
      "original": {
        "owner": "edolstra",
        "repo": "flake-compat",
        "type": "github"
      }
    },
    "flake-parts": {
      "inputs": {
        "nixpkgs-lib": "nixpkgs-lib"
      },
      "locked": {
        "lastModified": 1762040540,
        "narHash": "sha256-z5PlZ47j50VNF3R+IMS9LmzI5fYRGY/Z5O5tol1c9I4=",
        "owner": "hercules-ci",
        "repo": "flake-parts",
        "rev": "0010412d62a25d959151790968765a70c436598b",
        "type": "github"
      },
      "original": {
        "owner": "hercules-ci",
        "repo": "flake-parts",
        "type": "github"
      }
    },
    "home-manager": {
      "inputs": {
        "nixpkgs": [
          "nixpkgs"
        ]
      },
      "locked": {
        "lastModified": 1786999651,
        "narHash": "sha256-MTGMFlLDTklsXhCp4r5GXB4VAVadPdalXLvUjd/K7h0=",
        "owner": "nix-community",
        "repo": "home-manager",
        "rev": "353742587cbaf079b3caee743115d037bc51fea6",
        "type": "github"
      },
      "original": {
        "owner": "nix-community",
        "repo": "home-manager",
        "type": "github"
      }
    },
    "matugen": {
      "inputs": {
        "nixpkgs": "nixpkgs_2",
        "systems": "systems"
      },
      "locked": {
        "lastModified": 1785920672,
        "narHash": "sha256-Bfo2/FB0bKBs4sQIDCMED7I3rigPdfOEEXKnzPuYlfo=",
        "owner": "InioX",
        "repo": "Matugen",
        "rev": "133e410751c7c484a9fdddc299851d4494e59871",
        "type": "github"
      },
      "original": {
        "owner": "InioX",
        "repo": "Matugen",
        "type": "github"
      }
    },
    "nixpkgs": {
      "locked": {
        "lastModified": 1763934636,
        "narHash": "sha256-9glbI7f1uU+yzQCq5LwLgdZqx6svOhZWkd4JRY265fc=",
        "owner": "nixos",
        "repo": "nixpkgs",
        "rev": "ee09932cedcef15aaf476f9343d1dea2cb77e261",
        "type": "github"
      },
      "original": {
        "owner": "nixos",
        "ref": "nixpkgs-unstable",
        "repo": "nixpkgs",
        "type": "github"
      }
    },
    "nixpkgs-lib": {
      "locked": {
        "lastModified": 1761765539,
        "narHash": "sha256-b0yj6kfvO8ApcSE+QmA6mUfu8IYG6/uU28OFn4PaC8M=",
        "owner": "nix-community",
        "repo": "nixpkgs.lib",
        "rev": "719359f4562934ae99f5443f20aa06c2ffff91fc",
        "type": "github"
      },
      "original": {
        "owner": "nix-community",
        "repo": "nixpkgs.lib",
        "type": "github"
      }
    },
    "nixpkgs_2": {
      "locked": {
        "lastModified": 1771369470,
        "narHash": "sha256-0NBlEBKkN3lufyvFegY4TYv5mCNHbi5OmBDrzihbBMQ=",
        "owner": "nixos",
        "repo": "nixpkgs",
        "rev": "0182a361324364ae3f436a63005877674cf45efb",
        "type": "github"
      },
      "original": {
        "owner": "nixos",
        "ref": "nixos-unstable",
        "repo": "nixpkgs",
        "type": "github"
      }
    },
    "nixpkgs_3": {
      "locked": {
        "lastModified": 1786862985,
        "narHash": "sha256-FBJRXmbGXiSUDvYEbfLYRkckayyZ6SK1UEqhCrIZ2Cs=",
        "owner": "NixOS",
        "repo": "nixpkgs",
        "rev": "e5bdc4a41d4c072fe1e3787eaa0320a384741d44",
        "type": "github"
      },
      "original": {
        "owner": "NixOS",
        "ref": "nixos-unstable",
        "repo": "nixpkgs",
        "type": "github"
      }
    },
    "nixpkgs_4": {
      "locked": {
        "lastModified": 1761236834,
        "narHash": "sha256-+pthv6hrL5VLW2UqPdISGuLiUZ6SnAXdd2DdUE+fV2Q=",
        "owner": "nixos",
        "repo": "nixpkgs",
        "rev": "d5faa84122bc0a1fd5d378492efce4e289f8eac1",
        "type": "github"
      },
      "original": {
        "owner": "nixos",
        "ref": "nixpkgs-unstable",
        "repo": "nixpkgs",
        "type": "github"
      }
    },
    "nixpkgs_5": {
      "locked": {
        "lastModified": 1786599213,
        "narHash": "sha256-yjGG65gA1jORt0hWxjzrnw3AYkIn8EWolp8vezwXZ3I=",
        "rev": "0e251e24a4f24e036a084b6b4b2d2491af4167f4",
        "type": "tarball",
        "url": "https://releases.nixos.org/nixos/unstable/nixos-26.11pre1053317.0e251e24a4f2/nixexprs.tar.xz"
      },
      "original": {
        "type": "tarball",
        "url": "https://channels.nixos.org/nixos-unstable/nixexprs.tar.xz"
      }
    },
    "qml-niri": {
      "inputs": {
        "flake-parts": "flake-parts",
        "nixpkgs": [
          "nixpkgs"
        ],
        "quickshell": [
          "quickshell"
        ],
        "treefmt-nix": "treefmt-nix"
      },
      "locked": {
        "lastModified": 1786189893,
        "narHash": "sha256-7iy5fo8tZ7BFw4Tgz6msS9B34xs1g7GVr9M6wU2XEJI=",
        "owner": "imiric",
        "repo": "qml-niri",
        "rev": "93e603901bed2c4465d5675ae43fd52b7f7c4adf",
        "type": "github"
      },
      "original": {
        "owner": "imiric",
        "ref": "main",
        "repo": "qml-niri",
        "type": "github"
      }
    },
    "quickshell": {
      "inputs": {
        "nixpkgs": [
          "nixpkgs"
        ]
      },
      "locked": {
        "lastModified": 1786864924,
        "narHash": "sha256-9nqIJWuSlAwy4Vs98N9ffoVeU2dmsWcAJ7/DyIDihqM=",
        "ref": "refs/heads/master",
        "rev": "532a0606cafb05851a203e65be22c9a057447ee2",
        "revCount": 844,
        "type": "git",
        "url": "https://git.outfoxxed.me/outfoxxed/quickshell"
      },
      "original": {
        "type": "git",
        "url": "https://git.outfoxxed.me/outfoxxed/quickshell"
      }
    },
    "root": {
      "inputs": {
        "awww": "awww",
        "home-manager": "home-manager",
        "matugen": "matugen",
        "nixpkgs": "nixpkgs_3",
        "qml-niri": "qml-niri",
        "quickshell": "quickshell",
        "spicetify-nix": "spicetify-nix",
        "zen-browser": "zen-browser"
      }
    },
    "rust-overlay": {
      "inputs": {
        "nixpkgs": [
          "awww",
          "nixpkgs"
        ]
      },
      "locked": {
        "lastModified": 1764038373,
        "narHash": "sha256-M6w2wNBRelcavoDAyFL2iO4NeWknD40ASkH1S3C0YGM=",
        "owner": "oxalica",
        "repo": "rust-overlay",
        "rev": "ab3536fe850211a96673c6ffb2cb88aab8071cc9",
        "type": "github"
      },
      "original": {
        "owner": "oxalica",
        "repo": "rust-overlay",
        "type": "github"
      }
    },
    "spicetify-nix": {
      "inputs": {
        "nixpkgs": "nixpkgs_5",
        "systems": "systems_2"
      },
      "locked": {
        "lastModified": 1786855359,
        "narHash": "sha256-yeKMWFCPeoIKmPBLLvP1/15ulOJO8i9ZIlSSXGuW6aw=",
        "owner": "Gerg-L",
        "repo": "spicetify-nix",
        "rev": "0f478ff79b82abb785160cd4531293f61d21be86",
        "type": "github"
      },
      "original": {
        "owner": "Gerg-L",
        "repo": "spicetify-nix",
        "type": "github"
      }
    },
    "systems": {
      "locked": {
        "lastModified": 1689347949,
        "narHash": "sha256-12tWmuL2zgBgZkdoB6qXZsgJEH9LR3oUgpaQq2RbI80=",
        "owner": "nix-systems",
        "repo": "default-linux",
        "rev": "31732fcf5e8fea42e59c2488ad31a0e651500f68",
        "type": "github"
      },
      "original": {
        "owner": "nix-systems",
        "repo": "default-linux",
        "type": "github"
      }
    },
    "systems_2": {
      "locked": {
        "lastModified": 1681028828,
        "narHash": "sha256-Vy1rq5AaRuLzOxct8nz4T6wlgyUR7zLU309k9mBC768=",
        "owner": "nix-systems",
        "repo": "default",
        "rev": "da67096a3b9bf56a91d16901293e51ba5b49a27e",
        "type": "github"
      },
      "original": {
        "owner": "nix-systems",
        "repo": "default",
        "type": "github"
      }
    },
    "treefmt-nix": {
      "inputs": {
        "nixpkgs": "nixpkgs_4"
      },
      "locked": {
        "lastModified": 1762410071,
        "narHash": "sha256-aF5fvoZeoXNPxT0bejFUBXeUjXfHLSL7g+mjR/p5TEg=",
        "owner": "numtide",
        "repo": "treefmt-nix",
        "rev": "97a30861b13c3731a84e09405414398fbf3e109f",
        "type": "github"
      },
      "original": {
        "owner": "numtide",
        "repo": "treefmt-nix",
        "type": "github"
      }
    },
    "zen-browser": {
      "inputs": {
        "nixpkgs": [
          "nixpkgs"
        ]
      },
      "locked": {
        "lastModified": 1786685380,
        "narHash": "sha256-3ZuubfWk7CHPF/60w5BVrVkzdO7Oed1MgZ+ugLsgww8=",
        "owner": "youwen5",
        "repo": "zen-browser-flake",
        "rev": "e1e4aa6433a352f07059aeb8483ae42deb61f9b2",
        "type": "github"
      },
      "original": {
        "owner": "youwen5",
        "repo": "zen-browser-flake",
        "type": "github"
      }
    }
  },
  "root": "root",
  "version": 7
}
